{
  "originHash" : "c831444c59935c7891591c0239a9c441dededec2e44d4a0734ea7a53ec0d91e9",
  "pins" : [
    {
      "identity" : "swiftsonic",
      "kind" : "remoteSourceControl",
      "location" : "https://github.com/MathieuDubart/swiftsonic",
      "state" : {
        "revision" : "d3e7b5fbee546a39108b48b6ed933dfd4ab41359",
        "version" : "0.8.2"
      }
    }
  ],
  "version" : 3
}
